// !$*UTF8*$!
{
	archiveVersion = 1;
	classes = {
	};
	objectVersion = 56;
	objects = {

/* Begin PBXBuildFile section */
		98752AB12ADE8758008BD304 /* AppDelegate.swift in Sources */ = {isa = PBXBuildFile; fileRef = 98752AB02ADE8758008BD304 /* AppDelegate.swift */; };
		98752AB32ADE8758008BD304 /* SceneDelegate.swift in Sources */ = {isa = PBXBuildFile; fileRef = 98752AB22ADE8758008BD304 /* SceneDelegate.swift */; };
		98752AB52ADE8758008BD304 /* TableViewController.swift in Sources */ = {isa = PBXBuildFile; fileRef = 98752AB42ADE8758008BD304 /* TableViewController.swift */; };
		98752AB82ADE8758008BD304 /* Main.storyboard in Resources */ = {isa = PBXBuildFile; fileRef = 98752AB62ADE8758008BD304 /* Main.storyboard */; };
		98752ABA2ADE8759008BD304 /* Assets.xcassets in Resources */ = {isa = PBXBuildFile; fileRef = 98752AB92ADE8759008BD304 /* Assets.xcassets */; };
		98752ABD2ADE8759008BD304 /* LaunchScreen.storyboard in Resources */ = {isa = PBXBuildFile; fileRef = 98752ABB2ADE8759008BD304 /* LaunchScreen.storyboard */; };
		98752AD02ADE91B9008BD304 /* italy.png in Resources */ = {isa = PBXBuildFile; fileRef = 98752AC42ADE91B8008BD304 /* italy.png */; };
		98752AD12ADE91B9008BD304 /* monaco.png in Resources */ = {isa = PBXBuildFile; fileRef = 98752AC52ADE91B8008BD304 /* monaco.png */; };
		98752AD22ADE91B9008BD304 /* poland.png in Resources */ = {isa = PBXBuildFile; fileRef = 98752AC62ADE91B8008BD304 /* poland.png */; };
		98752AD32ADE91B9008BD304 /* germany.png in Resources */ = {isa = PBXBuildFile; fileRef = 98752AC72ADE91B8008BD304 /* germany.png */; };
		98752AD42ADE91B9008BD304 /* uk.png in Resources */ = {isa = PBXBuildFile; fileRef = 98752AC82ADE91B8008BD304 /* uk.png */; };
		98752AD52ADE91B9008BD304 /* spain.png in Resources */ = {isa = PBXBuildFile; fileRef = 98752AC92ADE91B8008BD304 /* spain.png */; };
		98752AD62ADE91B9008BD304 /* estonia.png in Resources */ = {isa = PBXBuildFile; fileRef = 98752ACA2ADE91B9008BD304 /* estonia.png */; };
		98752AD72ADE91B9008BD304 /* france.png in Resources */ = {isa = PBXBuildFile; fileRef = 98752ACB2ADE91B9008BD304 /* france.png */; };
		98752AD82ADE91B9008BD304 /* nigeria.png in Resources */ = {isa = PBXBuildFile; fileRef = 98752ACC2ADE91B9008BD304 /* nigeria.png */; };
		98752AD92ADE91B9008BD304 /* russia.png in Resources */ = {isa = PBXBuildFile; fileRef = 98752ACD2ADE91B9008BD304 /* russia.png */; };
		98752ADA2ADE91B9008BD304 /* us.png in Resources */ = {isa = PBXBuildFile; fileRef = 98752ACE2ADE91B9008BD304 /* us.png */; };
		98752ADB2ADE91B9008BD304 /* ireland.png in Resources */ = {isa = PBXBuildFile; fileRef = 98752ACF2ADE91B9008BD304 /* ireland.png */; };
		98752ADD2ADE9743008BD304 /* DetailViewController.swift in Sources */ = {isa = PBXBuildFile; fileRef = 98752ADC2ADE9743008BD304 /* DetailViewController.swift */; };
/* End PBXBuildFile section */

/* Begin PBXFileReference section */
		98752AAD2ADE8758008BD304 /* Project 1, 2, 3 CHALLANGE NOVO.app */ = {isa = PBXFileReference; explicitFileType = wrapper.application; includeInIndex = 0; path = "Project 1, 2, 3 CHALLANGE NOVO.app"; sourceTree = BUILT_PRODUCTS_DIR; };
		98752AB02ADE8758008BD304 /* AppDelegate.swift */ = {isa = PBXFileReference; lastKnownFileType = sourcecode.swift; path = AppDelegate.swift; sourceTree = "<group>"; };
		98752AB22ADE8758008BD304 /* SceneDelegate.swift */ = {isa = PBXFileReference; lastKnownFileType = sourcecode.swift; path = SceneDelegate.swift; sourceTree = "<group>"; };
		98752AB42ADE8758008BD304 /* TableViewController.swift */ = {isa = PBXFileReference; lastKnownFileType = sourcecode.swift; path = TableViewController.swift; sourceTree = "<group>"; };
		98752AB72ADE8758008BD304 /* Base */ = {isa = PBXFileReference; lastKnownFileType = file.storyboard; name = Base; path = Base.lproj/Main.storyboard; sourceTree = "<group>"; };
		98752AB92ADE8759008BD304 /* Assets.xcassets */ = {isa = PBXFileReference; lastKnownFileType = folder.assetcatalog; path = Assets.xcassets; sourceTree = "<group>"; };
		98752ABC2ADE8759008BD304 /* Base */ = {isa = PBXFileReference; lastKnownFileType = file.storyboard; name = Base; path = Base.lproj/LaunchScreen.storyboard; sourceTree = "<group>"; };
		98752ABE2ADE8759008BD304 /* Info.plist */ = {isa = PBXFileReference; lastKnownFileType = text.plist.xml; path = Info.plist; sourceTree = "<group>"; };
		98752AC42ADE91B8008BD304 /* italy.png */ = {isa = PBXFileReference; lastKnownFileType = image.png; path = italy.png; sourceTree = "<group>"; };
		98752AC52ADE91B8008BD304 /* monaco.png */ = {isa = PBXFileReference; lastKnownFileType = image.png; path = monaco.png; sourceTree = "<group>"; };
		98752AC62ADE91B8008BD304 /* poland.png */ = {isa = PBXFileReference; lastKnownFileType = image.png; path = poland.png; sourceTree = "<group>"; };
		98752AC72ADE91B8008BD304 /* germany.png */ = {isa = PBXFileReference; lastKnownFileType = image.png; path = germany.png; sourceTree = "<group>"; };
		98752AC82ADE91B8008BD304 /* uk.png */ = {isa = PBXFileReference; lastKnownFileType = image.png; path = uk.png; sourceTree = "<group>"; };
		98752AC92ADE91B8008BD304 /* spain.png */ = {isa = PBXFileReference; lastKnownFileType = image.png; path = spain.png; sourceTree = "<group>"; };
		98752ACA2ADE91B9008BD304 /* estonia.png */ = {isa = PBXFileReference; lastKnownFileType = image.png; path = estonia.png; sourceTree = "<group>"; };
		98752ACB2ADE91B9008BD304 /* france.png */ = {isa = PBXFileReference; lastKnownFileType = image.png; path = france.png; sourceTree = "<group>"; };
		98752ACC2ADE91B9008BD304 /* nigeria.png */ = {isa = PBXFileReference; lastKnownFileType = image.png; path = nigeria.png; sourceTree = "<group>"; };
		98752ACD2ADE91B9008BD304 /* russia.png */ = {isa = PBXFileReference; lastKnownFileType = image.png; path = russia.png; sourceTree = "<group>"; };
		98752ACE2ADE91B9008BD304 /* us.png */ = {isa = PBXFileReference; lastKnownFileType = image.png; path = us.png; sourceTree = "<group>"; };
		98752ACF2ADE91B9008BD304 /* ireland.png */ = {isa = PBXFileReference; lastKnownFileType = image.png; path = ireland.png; sourceTree = "<group>"; };
		98752ADC2ADE9743008BD304 /* DetailViewController.swift */ = {isa = PBXFileReference; lastKnownFileType = sourcecode.swift; path = DetailViewController.swift; sourceTree = "<group>"; };
/* End PBXFileReference section */

/* Begin PBXFrameworksBuildPhase section */
		98752AAA2ADE8758008BD304 /* Frameworks */ = {
			isa = PBXFrameworksBuildPhase;
			buildActionMask = 2147483647;
			files = (
			);
			runOnlyForDeploymentPostprocessing = 0;
		};
/* End PBXFrameworksBuildPhase section */

/* Begin PBXGroup section */
		98752AA42ADE8757008BD304 = {
			isa = PBXGroup;
			children = (
				98752AAF2ADE8758008BD304 /* Project 1, 2, 3 CHALLANGE NOVO */,
				98752AAE2ADE8758008BD304 /* Products */,
			);
			sourceTree = "<group>";
		};
		98752AAE2ADE8758008BD304 /* Products */ = {
			isa = PBXGroup;
			children = (
				98752AAD2ADE8758008BD304 /* Project 1, 2, 3 CHALLANGE NOVO.app */,
			);
			name = Products;
			sourceTree = "<group>";
		};
		98752AAF2ADE8758008BD304 /* Project 1, 2, 3 CHALLANGE NOVO */ = {
			isa = PBXGroup;
			children = (
				98752AB02ADE8758008BD304 /* AppDelegate.swift */,
				98752AB22ADE8758008BD304 /* SceneDelegate.swift */,
				98752AB42ADE8758008BD304 /* TableViewController.swift */,
				98752ADC2ADE9743008BD304 /* DetailViewController.swift */,
				98752AB62ADE8758008BD304 /* Main.storyboard */,
				98752AB92ADE8759008BD304 /* Assets.xcassets */,
				98752ABB2ADE8759008BD304 /* LaunchScreen.storyboard */,
				98752ABE2ADE8759008BD304 /* Info.plist */,
				98752ACA2ADE91B9008BD304 /* estonia.png */,
				98752ACB2ADE91B9008BD304 /* france.png */,
				98752AC72ADE91B8008BD304 /* germany.png */,
				98752ACF2ADE91B9008BD304 /* ireland.png */,
				98752AC42ADE91B8008BD304 /* italy.png */,
				98752AC52ADE91B8008BD304 /* monaco.png */,
				98752ACC2ADE91B9008BD304 /* nigeria.png */,
				98752AC62ADE91B8008BD304 /* poland.png */,
				98752ACD2ADE91B9008BD304 /* russia.png */,
				98752AC92ADE91B8008BD304 /* spain.png */,
				98752AC82ADE91B8008BD304 /* uk.png */,
				98752ACE2ADE91B9008BD304 /* us.png */,
			);
			path = "Project 1, 2, 3 CHALLANGE NOVO";
			sourceTree = "<group>";
		};
/* End PBXGroup section */

/* Begin PBXNativeTarget section */
		98752AAC2ADE8758008BD304 /* Project 1, 2, 3 CHALLANGE NOVO */ = {
			isa = PBXNativeTarget;
			buildConfigurationList = 98752AC12ADE8759008BD304 /* Build configuration list for PBXNativeTarget "Project 1, 2, 3 CHALLANGE NOVO" */;
			buildPhases = (
				98752AA92ADE8758008BD304 /* Sources */,
				98752AAA2ADE8758008BD304 /* Frameworks */,
				98752AAB2ADE8758008BD304 /* Resources */,
			);
			buildRules = (
			);
			dependencies = (
			);
			name = "Project 1, 2, 3 CHALLANGE NOVO";
			productName = "Project 1, 2, 3 CHALLANGE NOVO";
			productReference = 98752AAD2ADE8758008BD304 /* Project 1, 2, 3 CHALLANGE NOVO.app */;
			productType = "com.apple.product-type.application";
		};
/* End PBXNativeTarget section */

/* Begin PBXProject section */
		98752AA52ADE8757008BD304 /* Project object */ = {
			isa = PBXProject;
			attributes = {
				BuildIndependentTargetsInParallel = 1;
				LastSwiftUpdateCheck = 1500;
				LastUpgradeCheck = 1500;
				TargetAttributes = {
					98752AAC2ADE8758008BD304 = {
						CreatedOnToolsVersion = 15.0;
					};
				};
			};
			buildConfigurationList = 98752AA82ADE8757008BD304 /* Build configuration list for PBXProject "Project 1, 2, 3 CHALLANGE NOVO" */;
			compatibilityVersion = "Xcode 14.0";
			developmentRegion = en;
			hasScannedForEncodings = 0;
			knownRegions = (
				en,
				Base,
			);
			mainGroup = 98752AA42ADE8757008BD304;
			productRefGroup = 98752AAE2ADE8758008BD304 /* Products */;
			projectDirPath = "";
			projectRoot = "";
			targets = (
				98752AAC2ADE8758008BD304 /* Project 1, 2, 3 CHALLANGE NOVO */,
			);
		};
/* End PBXProject section */

/* Begin PBXResourcesBuildPhase section */
		98752AAB2ADE8758008BD304 /* Resources */ = {
			isa = PBXResourcesBuildPhase;
			buildActionMask = 2147483647;
			files = (
				98752ABD2ADE8759008BD304 /* LaunchScreen.storyboard in Resources */,
				98752ADA2ADE91B9008BD304 /* us.png in Resources */,
				98752AD02ADE91B9008BD304 /* italy.png in Resources */,
				98752ABA2ADE8759008BD304 /* Assets.xcassets in Resources */,
				98752AD12ADE91B9008BD304 /* monaco.png in Resources */,
				98752AD32ADE91B9008BD304 /* germany.png in Resources */,
				98752AD62ADE91B9008BD304 /* estonia.png in Resources */,
				98752AB82ADE8758008BD304 /* Main.storyboard in Resources */,
				98752ADB2ADE91B9008BD304 /* ireland.png in Resources */,
				98752AD82ADE91B9008BD304 /* nigeria.png in Resources */,
				98752AD22ADE91B9008BD304 /* poland.png in Resources */,
				98752AD92ADE91B9008BD304 /* russia.png in Resources */,
				98752AD52ADE91B9008BD304 /* spain.png in Resources */,
				98752AD72ADE91B9008BD304 /* france.png in Resources */,
				98752AD42ADE91B9008BD304 /* uk.png in Resources */,
			);
			runOnlyForDeploymentPostprocessing = 0;
		};
/* End PBXResourcesBuildPhase section */

/* Begin PBXSourcesBuildPhase section */
		98752AA92ADE8758008BD304 /* Sources */ = {
			isa = PBXSourcesBuildPhase;
			buildActionMask = 2147483647;
			files = (
				98752AB52ADE8758008BD304 /* TableViewController.swift in Sources */,
				98752AB12ADE8758008BD304 /* AppDelegate.swift in Sources */,
				98752AB32ADE8758008BD304 /* SceneDelegate.swift in Sources */,
				98752ADD2ADE9743008BD304 /* DetailViewController.swift in Sources */,
			);
			runOnlyForDeploymentPostprocessing = 0;
		};
/* End PBXSourcesBuildPhase section */

/* Begin PBXVariantGroup section */
		98752AB62ADE8758008BD304 /* Main.storyboard */ = {
			isa = PBXVariantGroup;
			children = (
				98752AB72ADE8758008BD304 /* Base */,
			);
			name = Main.storyboard;
			sourceTree = "<group>";
		};
		98752ABB2ADE8759008BD304 /* LaunchScreen.storyboard */ = {
			isa = PBXVariantGroup;
			children = (
				98752ABC2ADE8759008BD304 /* Base */,
			);
			name = LaunchScreen.storyboard;
			sourceTree = "<group>";
		};
/* End PBXVariantGroup section */

/* Begin XCBuildConfiguration section */
		98752ABF2ADE8759008BD304 /* Debug */ = {
			isa = XCBuildConfiguration;
			buildSettings = {
				ALWAYS_SEARCH_USER_PATHS = NO;
				ASSETCATALOG_COMPILER_GENERATE_SWIFT_ASSET_SYMBOL_EXTENSIONS = YES;
				CLANG_ANALYZER_NONNULL = YES;
				CLANG_ANALYZER_NUMBER_OBJECT_CONVERSION = YES_AGGRESSIVE;
				CLANG_CXX_LANGUAGE_STANDARD = "gnu++20";
				CLANG_ENABLE_MODULES = YES;
				CLANG_ENABLE_OBJC_ARC = YES;
				CLANG_ENABLE_OBJC_WEAK = YES;
				CLANG_WARN_BLOCK_CAPTURE_AUTORELEASING = YES;
				CLANG_WARN_BOOL_CONVERSION = YES;
				CLANG_WARN_COMMA = YES;
				CLANG_WARN_CONSTANT_CONVERSION = YES;
				CLANG_WARN_DEPRECATED_OBJC_IMPLEMENTATIONS = YES;
				CLANG_WARN_DIRECT_OBJC_ISA_USAGE = YES_ERROR;
				CLANG_WARN_DOCUMENTATION_COMMENTS = YES;
				CLANG_WARN_EMPTY_BODY = YES;
				CLANG_WARN_ENUM_CONVERSION = YES;
				CLANG_WARN_INFINITE_RECURSION = YES;
				CLANG_WARN_INT_CONVERSION = YES;
				CLANG_WARN_NON_LITERAL_NULL_CONVERSION = YES;
				CLANG_WARN_OBJC_IMPLICIT_RETAIN_SELF = YES;
				CLANG_WARN_OBJC_LITERAL_CONVERSION = YES;
				CLANG_WARN_OBJC_ROOT_CLASS = YES_ERROR;
				CLANG_WARN_QUOTED_INCLUDE_IN_FRAMEWORK_HEADER = YES;
				CLANG_WARN_RANGE_LOOP_ANALYSIS = YES;
				CLANG_WARN_STRICT_PROTOTYPES = YES;
				CLANG_WARN_SUSPICIOUS_MOVE = YES;
				CLANG_WARN_UNGUARDED_AVAILABILITY = YES_AGGRESSIVE;
				CLANG_WARN_UNREACHABLE_CODE = YES;
				CLANG_WARN__DUPLICATE_METHOD_MATCH = YES;
				COPY_PHASE_STRIP = NO;
				DEBUG_INFORMATION_FORMAT = dwarf;
				ENABLE_STRICT_OBJC_MSGSEND = YES;
				ENABLE_TESTABILITY = YES;
				ENABLE_USER_SCRIPT_SANDBOXING = YES;
				GCC_C_LANGUAGE_STANDARD = gnu17;
				GCC_DYNAMIC_NO_PIC = NO;
				GCC_NO_COMMON_BLOCKS = YES;
				GCC_OPTIMIZATION_LEVEL = 0;
				GCC_PREPROCESSOR_DEFINITIONS = (
					"DEBUG=1",
					"$(inherited)",
				);
				GCC_WARN_64_TO_32_BIT_CONVERSION = YES;
				GCC_WARN_ABOUT_RETURN_TYPE = YES_ERROR;
				GCC_WARN_UNDECLARED_SELECTOR = YES;
				GCC_WARN_UNINITIALIZED_AUTOS = YES_AGGRESSIVE;
				GCC_WARN_UNUSED_FUNCTION = YES;
				GCC_WARN_UNUSED_VARIABLE = YES;
				IPHONEOS_DEPLOYMENT_TARGET = 17.0;
				LOCALIZATION_PREFERS_STRING_CATALOGS = YES;
				MTL_ENABLE_DEBUG_INFO = INCLUDE_SOURCE;
				MTL_FAST_MATH = YES;
				ONLY_ACTIVE_ARCH = YES;
				SDKROOT = iphoneos;
				SWIFT_ACTIVE_COMPILATION_CONDITIONS = "DEBUG $(inherited)";
				SWIFT_OPTIMIZATION_LEVEL = "-Onone";
			};
			name = Debug;
		};
		98752AC02ADE8759008BD304 /* Release */ = {
			isa = XCBuildConfiguration;
			buildSettings = {
				ALWAYS_SEARCH_USER_PATHS = NO;
				ASSETCATALOG_COMPILER_GENERATE_SWIFT_ASSET_SYMBOL_EXTENSIONS = YES;
				CLANG_ANALYZER_NONNULL = YES;
				CLANG_ANALYZER_NUMBER_OBJECT_CONVERSION = YES_AGGRESSIVE;
				CLANG_CXX_LANGUAGE_STANDARD = "gnu++20";
				CLANG_ENABLE_MODULES = YES;
				CLANG_ENABLE_OBJC_ARC = YES;
				CLANG_ENABLE_OBJC_WEAK = YES;
				CLANG_WARN_BLOCK_CAPTURE_AUTORELEASING = YES;
				CLANG_WARN_BOOL_CONVERSION = YES;
				CLANG_WARN_COMMA = YES;
				CLANG_WARN_CONSTANT_CONVERSION = YES;
				CLANG_WARN_DEPRECATED_OBJC_IMPLEMENTATIONS = YES;
				CLANG_WARN_DIRECT_OBJC_ISA_USAGE = YES_ERROR;
				CLANG_WARN_DOCUMENTATION_COMMENTS = YES;
				CLANG_WARN_EMPTY_BODY = YES;
				CLANG_WARN_ENUM_CONVERSION = YES;
				CLANG_WARN_INFINITE_RECURSION = YES;
				CLANG_WARN_INT_CONVERSION = YES;
				CLANG_WARN_NON_LITERAL_NULL_CONVERSION = YES;
				CLANG_WARN_OBJC_IMPLICIT_RETAIN_SELF = YES;
				CLANG_WARN_OBJC_LITERAL_CONVERSION = YES;
				CLANG_WARN_OBJC_ROOT_CLASS = YES_ERROR;
				CLANG_WARN_QUOTED_INCLUDE_IN_FRAMEWORK_HEADER = YES;
				CLANG_WARN_RANGE_LOOP_ANALYSIS = YES;
				CLANG_WARN_STRICT_PROTOTYPES = YES;
				CLANG_WARN_SUSPICIOUS_MOVE = YES;
				CLANG_WARN_UNGUARDED_AVAILABILITY = YES_AGGRESSIVE;
				CLANG_WARN_UNREACHABLE_CODE = YES;
				CLANG_WARN__DUPLICATE_METHOD_MATCH = YES;
				COPY_PHASE_STRIP = NO;
				DEBUG_INFORMATION_FORMAT = "dwarf-with-dsym";
				ENABLE_NS_ASSERTIONS = NO;
				ENABLE_STRICT_OBJC_MSGSEND = YES;
				ENABLE_USER_SCRIPT_SANDBOXING = YES;
				GCC_C_LANGUAGE_STANDARD = gnu17;
				GCC_NO_COMMON_BLOCKS = YES;
				GCC_WARN_64_TO_32_BIT_CONVERSION = YES;
				GCC_WARN_ABOUT_RETURN_TYPE = YES_ERROR;
				GCC_WARN_UNDECLARED_SELECTOR = YES;
				GCC_WARN_UNINITIALIZED_AUTOS = YES_AGGRESSIVE;
				GCC_WARN_UNUSED_FUNCTION = YES;
				GCC_WARN_UNUSED_VARIABLE = YES;
				IPHONEOS_DEPLOYMENT_TARGET = 17.0;
				LOCALIZATION_PREFERS_STRING_CATALOGS = YES;
				MTL_ENABLE_DEBUG_INFO = NO;
				MTL_FAST_MATH = YES;
				SDKROOT = iphoneos;
				SWIFT_COMPILATION_MODE = wholemodule;
				VALIDATE_PRODUCT = YES;
			};
			name = Release;
		};
		98752AC22ADE8759008BD304 /* Debug */ = {
			isa = XCBuildConfiguration;
			buildSettings = {
				ASSETCATALOG_COMPILER_APPICON_NAME = AppIcon;
				ASSETCATALOG_COMPILER_GLOBAL_ACCENT_COLOR_NAME = AccentColor;
				CODE_SIGN_STYLE = Automatic;
				CURRENT_PROJECT_VERSION = 1;
				DEVELOPMENT_TEAM = BN4G8TX2AC;
				GENERATE_INFOPLIST_FILE = YES;
				INFOPLIST_FILE = "Project 1, 2, 3 CHALLANGE NOVO/Info.plist";
				INFOPLIST_KEY_UIApplicationSupportsIndirectInputEvents = YES;
				INFOPLIST_KEY_UILaunchStoryboardName = LaunchScreen;
				INFOPLIST_KEY_UIMainStoryboardFile = Main;
				INFOPLIST_KEY_UISupportedInterfaceOrientations_iPad = "UIInterfaceOrientationPortrait UIInterfaceOrientationPortraitUpsideDown UIInterfaceOrientationLandscapeLeft UIInterfaceOrientationLandscapeRight";
				INFOPLIST_KEY_UISupportedInterfaceOrientations_iPhone = "UIInterfaceOrientationPortrait UIInterfaceOrientationLandscapeLeft UIInterfaceOrientationLandscapeRight";
				LD_RUNPATH_SEARCH_PATHS = (
					"$(inherited)",
					"@executable_path/Frameworks",
				);
				MARKETING_VERSION = 1.0;
				PRODUCT_BUNDLE_IDENTIFIER = "com.aleksandra.Project-1--2--3-CHALLANGE-NOVO";
				PRODUCT_NAME = "$(TARGET_NAME)";
				SWIFT_EMIT_LOC_STRINGS = YES;
				SWIFT_VERSION = 5.0;
				TARGETED_DEVICE_FAMILY = "1,2";
			};
			name = Debug;
		};
		98752AC32ADE8759008BD304 /* Release */ = {
			isa = XCBuildConfiguration;
			buildSettings = {
				ASSETCATALOG_COMPILER_APPICON_NAME = AppIcon;
				ASSETCATALOG_COMPILER_GLOBAL_ACCENT_COLOR_NAME = AccentColor;
				CODE_SIGN_STYLE = Automatic;
				CURRENT_PROJECT_VERSION = 1;
				DEVELOPMENT_TEAM = BN4G8TX2AC;
				GENERATE_INFOPLIST_FILE = YES;
				INFOPLIST_FILE = "Project 1, 2, 3 CHALLANGE NOVO/Info.plist";
				INFOPLIST_KEY_UIApplicationSupportsIndirectInputEvents = YES;
				INFOPLIST_KEY_UILaunchStoryboardName = LaunchScreen;
				INFOPLIST_KEY_UIMainStoryboardFile = Main;
				INFOPLIST_KEY_UISupportedInterfaceOrientations_iPad = "UIInterfaceOrientationPortrait UIInterfaceOrientationPortraitUpsideDown UIInterfaceOrientationLandscapeLeft UIInterfaceOrientationLandscapeRight";
				INFOPLIST_KEY_UISupportedInterfaceOrientations_iPhone = "UIInterfaceOrientationPortrait UIInterfaceOrientationLandscapeLeft UIInterfaceOrientationLandscapeRight";
				LD_RUNPATH_SEARCH_PATHS = (
					"$(inherited)",
					"@executable_path/Frameworks",
				);
				MARKETING_VERSION = 1.0;
				PRODUCT_BUNDLE_IDENTIFIER = "com.aleksandra.Project-1--2--3-CHALLANGE-NOVO";
				PRODUCT_NAME = "$(TARGET_NAME)";
				SWIFT_EMIT_LOC_STRINGS = YES;
				SWIFT_VERSION = 5.0;
				TARGETED_DEVICE_FAMILY = "1,2";
			};
			name = Release;
		};
/* End XCBuildConfiguration section */

/* Begin XCConfigurationList section */
		98752AA82ADE8757008BD304 /* Build configuration list for PBXProject "Project 1, 2, 3 CHALLANGE NOVO" */ = {
			isa = XCConfigurationList;
			buildConfigurations = (
				98752ABF2ADE8759008BD304 /* Debug */,
				98752AC02ADE8759008BD304 /* Release */,
			);
			defaultConfigurationIsVisible = 0;
			defaultConfigurationName = Release;
		};
		98752AC12ADE8759008BD304 /* Build configuration list for PBXNativeTarget "Project 1, 2, 3 CHALLANGE NOVO" */ = {
			isa = XCConfigurationList;
			buildConfigurations = (
				98752AC22ADE8759008BD304 /* Debug */,
				98752AC32ADE8759008BD304 /* Release */,
			);
			defaultConfigurationIsVisible = 0;
			defaultConfigurationName = Release;
		};
/* End XCConfigurationList section */
	};
	rootObject = 98752AA52ADE8757008BD304 /* Project object */;
}
