// !$*UTF8*$!
{
	archiveVersion = 1;
	classes = {
	};
	objectVersion = 56;
	objects = {

/* Begin PBXBuildFile section */
		982E67B629A8DF6A00274E2A /* AppDelegate.swift in Sources */ = {isa = PBXBuildFile; fileRef = 982E67B529A8DF6A00274E2A /* AppDelegate.swift */; };
		982E67B829A8DF6A00274E2A /* SceneDelegate.swift in Sources */ = {isa = PBXBuildFile; fileRef = 982E67B729A8DF6A00274E2A /* SceneDelegate.swift */; };
		982E67BA29A8DF6A00274E2A /* ViewController.swift in Sources */ = {isa = PBXBuildFile; fileRef = 982E67B929A8DF6A00274E2A /* ViewController.swift */; };
		982E67BD29A8DF6A00274E2A /* Main.storyboard in Resources */ = {isa = PBXBuildFile; fileRef = 982E67BB29A8DF6A00274E2A /* Main.storyboard */; };
		982E67BF29A8DF6D00274E2A /* Assets.xcassets in Resources */ = {isa = PBXBuildFile; fileRef = 982E67BE29A8DF6D00274E2A /* Assets.xcassets */; };
		982E67C229A8DF6D00274E2A /* LaunchScreen.storyboard in Resources */ = {isa = PBXBuildFile; fileRef = 982E67C029A8DF6D00274E2A /* LaunchScreen.storyboard */; };
		98F5963C29C878F700473536 /* WebViewViewController.swift in Sources */ = {isa = PBXBuildFile; fileRef = 98F5963B29C878F700473536 /* WebViewViewController.swift */; };
		98F5C9D12BCE763800E8A1B6 /* webpageList.txt in Resources */ = {isa = PBXBuildFile; fileRef = 98F5C9D02BCE763700E8A1B6 /* webpageList.txt */; };
/* End PBXBuildFile section */

/* Begin PBXFileReference section */
		982E67B229A8DF6A00274E2A /* Project 4.app */ = {isa = PBXFileReference; explicitFileType = wrapper.application; includeInIndex = 0; path = "Project 4.app"; sourceTree = BUILT_PRODUCTS_DIR; };
		982E67B529A8DF6A00274E2A /* AppDelegate.swift */ = {isa = PBXFileReference; lastKnownFileType = sourcecode.swift; path = AppDelegate.swift; sourceTree = "<group>"; };
		982E67B729A8DF6A00274E2A /* SceneDelegate.swift */ = {isa = PBXFileReference; lastKnownFileType = sourcecode.swift; path = SceneDelegate.swift; sourceTree = "<group>"; };
		982E67B929A8DF6A00274E2A /* ViewController.swift */ = {isa = PBXFileReference; lastKnownFileType = sourcecode.swift; path = ViewController.swift; sourceTree = "<group>"; };
		982E67BC29A8DF6A00274E2A /* Base */ = {isa = PBXFileReference; lastKnownFileType = file.storyboard; name = Base; path = Base.lproj/Main.storyboard; sourceTree = "<group>"; };
		982E67BE29A8DF6D00274E2A /* Assets.xcassets */ = {isa = PBXFileReference; lastKnownFileType = folder.assetcatalog; path = Assets.xcassets; sourceTree = "<group>"; };
		982E67C129A8DF6D00274E2A /* Base */ = {isa = PBXFileReference; lastKnownFileType = file.storyboard; name = Base; path = Base.lproj/LaunchScreen.storyboard; sourceTree = "<group>"; };
		982E67C329A8DF6D00274E2A /* Info.plist */ = {isa = PBXFileReference; lastKnownFileType = text.plist.xml; path = Info.plist; sourceTree = "<group>"; };
		98F5963B29C878F700473536 /* WebViewViewController.swift */ = {isa = PBXFileReference; lastKnownFileType = sourcecode.swift; path = WebViewViewController.swift; sourceTree = "<group>"; };
		98F5C9D02BCE763700E8A1B6 /* webpageList.txt */ = {isa = PBXFileReference; fileEncoding = 4; lastKnownFileType = text; path = webpageList.txt; sourceTree = "<group>"; };
/* End PBXFileReference section */

/* Begin PBXFrameworksBuildPhase section */
		982E67AF29A8DF6A00274E2A /* Frameworks */ = {
			isa = PBXFrameworksBuildPhase;
			buildActionMask = 2147483647;
			files = (
			);
			runOnlyForDeploymentPostprocessing = 0;
		};
/* End PBXFrameworksBuildPhase section */

/* Begin PBXGroup section */
		982E67A929A8DF6A00274E2A = {
			isa = PBXGroup;
			children = (
				982E67B429A8DF6A00274E2A /* Project 4 */,
				982E67B329A8DF6A00274E2A /* Products */,
			);
			sourceTree = "<group>";
		};
		982E67B329A8DF6A00274E2A /* Products */ = {
			isa = PBXGroup;
			children = (
				982E67B229A8DF6A00274E2A /* Project 4.app */,
			);
			name = Products;
			sourceTree = "<group>";
		};
		982E67B429A8DF6A00274E2A /* Project 4 */ = {
			isa = PBXGroup;
			children = (
				982E67B529A8DF6A00274E2A /* AppDelegate.swift */,
				982E67B729A8DF6A00274E2A /* SceneDelegate.swift */,
				982E67B929A8DF6A00274E2A /* ViewController.swift */,
				98F5963B29C878F700473536 /* WebViewViewController.swift */,
				982E67BB29A8DF6A00274E2A /* Main.storyboard */,
				982E67BE29A8DF6D00274E2A /* Assets.xcassets */,
				982E67C029A8DF6D00274E2A /* LaunchScreen.storyboard */,
				982E67C329A8DF6D00274E2A /* Info.plist */,
				98F5C9D02BCE763700E8A1B6 /* webpageList.txt */,
			);
			path = "Project 4";
			sourceTree = "<group>";
		};
/* End PBXGroup section */

/* Begin PBXNativeTarget section */
		982E67B129A8DF6A00274E2A /* Project 4 */ = {
			isa = PBXNativeTarget;
			buildConfigurationList = 982E67C629A8DF6D00274E2A /* Build configuration list for PBXNativeTarget "Project 4" */;
			buildPhases = (
				982E67AE29A8DF6A00274E2A /* Sources */,
				982E67AF29A8DF6A00274E2A /* Frameworks */,
				982E67B029A8DF6A00274E2A /* Resources */,
			);
			buildRules = (
			);
			dependencies = (
			);
			name = "Project 4";
			productName = "Project 4";
			productReference = 982E67B229A8DF6A00274E2A /* Project 4.app */;
			productType = "com.apple.product-type.application";
		};
/* End PBXNativeTarget section */

/* Begin PBXProject section */
		982E67AA29A8DF6A00274E2A /* Project object */ = {
			isa = PBXProject;
			attributes = {
				BuildIndependentTargetsInParallel = 1;
				LastSwiftUpdateCheck = 1420;
				LastUpgradeCheck = 1420;
				TargetAttributes = {
					982E67B129A8DF6A00274E2A = {
						CreatedOnToolsVersion = 14.2;
					};
				};
			};
			buildConfigurationList = 982E67AD29A8DF6A00274E2A /* Build configuration list for PBXProject "Project 4" */;
			compatibilityVersion = "Xcode 14.0";
			developmentRegion = en;
			hasScannedForEncodings = 0;
			knownRegions = (
				en,
				Base,
			);
			mainGroup = 982E67A929A8DF6A00274E2A;
			productRefGroup = 982E67B329A8DF6A00274E2A /* Products */;
			projectDirPath = "";
			projectRoot = "";
			targets = (
				982E67B129A8DF6A00274E2A /* Project 4 */,
			);
		};
/* End PBXProject section */

/* Begin PBXResourcesBuildPhase section */
		982E67B029A8DF6A00274E2A /* Resources */ = {
			isa = PBXResourcesBuildPhase;
			buildActionMask = 2147483647;
			files = (
				98F5C9D12BCE763800E8A1B6 /* webpageList.txt in Resources */,
				982E67C229A8DF6D00274E2A /* LaunchScreen.storyboard in Resources */,
				982E67BF29A8DF6D00274E2A /* Assets.xcassets in Resources */,
				982E67BD29A8DF6A00274E2A /* Main.storyboard in Resources */,
			);
			runOnlyForDeploymentPostprocessing = 0;
		};
/* End PBXResourcesBuildPhase section */

/* Begin PBXSourcesBuildPhase section */
		982E67AE29A8DF6A00274E2A /* Sources */ = {
			isa = PBXSourcesBuildPhase;
			buildActionMask = 2147483647;
			files = (
				982E67BA29A8DF6A00274E2A /* ViewController.swift in Sources */,
				982E67B629A8DF6A00274E2A /* AppDelegate.swift in Sources */,
				98F5963C29C878F700473536 /* WebViewViewController.swift in Sources */,
				982E67B829A8DF6A00274E2A /* SceneDelegate.swift in Sources */,
			);
			runOnlyForDeploymentPostprocessing = 0;
		};
/* End PBXSourcesBuildPhase section */

/* Begin PBXVariantGroup section */
		982E67BB29A8DF6A00274E2A /* Main.storyboard */ = {
			isa = PBXVariantGroup;
			children = (
				982E67BC29A8DF6A00274E2A /* Base */,
			);
			name = Main.storyboard;
			sourceTree = "<group>";
		};
		982E67C029A8DF6D00274E2A /* LaunchScreen.storyboard */ = {
			isa = PBXVariantGroup;
			children = (
				982E67C129A8DF6D00274E2A /* Base */,
			);
			name = LaunchScreen.storyboard;
			sourceTree = "<group>";
		};
/* End PBXVariantGroup section */

/* Begin XCBuildConfiguration section */
		982E67C429A8DF6D00274E2A /* Debug */ = {
			isa = XCBuildConfiguration;
			buildSettings = {
				ALWAYS_SEARCH_USER_PATHS = NO;
				CLANG_ANALYZER_NONNULL = YES;
				CLANG_ANALYZER_NUMBER_OBJECT_CONVERSION = YES_AGGRESSIVE;
				CLANG_CXX_LANGUAGE_STANDARD = "gnu++20";
				CLANG_ENABLE_MODULES = YES;
				CLANG_ENABLE_OBJC_ARC = YES;
				CLANG_ENABLE_OBJC_WEAK = YES;
				CLANG_WARN_BLOCK_CAPTURE_AUTORELEASING = YES;
				CLANG_WARN_BOOL_CONVERSION = YES;
				CLANG_WARN_COMMA = YES;
				CLANG_WARN_CONSTANT_CONVERSION = YES;
				CLANG_WARN_DEPRECATED_OBJC_IMPLEMENTATIONS = YES;
				CLANG_WARN_DIRECT_OBJC_ISA_USAGE = YES_ERROR;
				CLANG_WARN_DOCUMENTATION_COMMENTS = YES;
				CLANG_WARN_EMPTY_BODY = YES;
				CLANG_WARN_ENUM_CONVERSION = YES;
				CLANG_WARN_INFINITE_RECURSION = YES;
				CLANG_WARN_INT_CONVERSION = YES;
				CLANG_WARN_NON_LITERAL_NULL_CONVERSION = YES;
				CLANG_WARN_OBJC_IMPLICIT_RETAIN_SELF = YES;
				CLANG_WARN_OBJC_LITERAL_CONVERSION = YES;
				CLANG_WARN_OBJC_ROOT_CLASS = YES_ERROR;
				CLANG_WARN_QUOTED_INCLUDE_IN_FRAMEWORK_HEADER = YES;
				CLANG_WARN_RANGE_LOOP_ANALYSIS = YES;
				CLANG_WARN_STRICT_PROTOTYPES = YES;
				CLANG_WARN_SUSPICIOUS_MOVE = YES;
				CLANG_WARN_UNGUARDED_AVAILABILITY = YES_AGGRESSIVE;
				CLANG_WARN_UNREACHABLE_CODE = YES;
				CLANG_WARN__DUPLICATE_METHOD_MATCH = YES;
				COPY_PHASE_STRIP = NO;
				DEBUG_INFORMATION_FORMAT = dwarf;
				ENABLE_STRICT_OBJC_MSGSEND = YES;
				ENABLE_TESTABILITY = YES;
				GCC_C_LANGUAGE_STANDARD = gnu11;
				GCC_DYNAMIC_NO_PIC = NO;
				GCC_NO_COMMON_BLOCKS = YES;
				GCC_OPTIMIZATION_LEVEL = 0;
				GCC_PREPROCESSOR_DEFINITIONS = (
					"DEBUG=1",
					"$(inherited)",
				);
				GCC_WARN_64_TO_32_BIT_CONVERSION = YES;
				GCC_WARN_ABOUT_RETURN_TYPE = YES_ERROR;
				GCC_WARN_UNDECLARED_SELECTOR = YES;
				GCC_WARN_UNINITIALIZED_AUTOS = YES_AGGRESSIVE;
				GCC_WARN_UNUSED_FUNCTION = YES;
				GCC_WARN_UNUSED_VARIABLE = YES;
				IPHONEOS_DEPLOYMENT_TARGET = 16.2;
				MTL_ENABLE_DEBUG_INFO = INCLUDE_SOURCE;
				MTL_FAST_MATH = YES;
				ONLY_ACTIVE_ARCH = YES;
				SDKROOT = iphoneos;
				SWIFT_ACTIVE_COMPILATION_CONDITIONS = DEBUG;
				SWIFT_OPTIMIZATION_LEVEL = "-Onone";
			};
			name = Debug;
		};
		982E67C529A8DF6D00274E2A /* Release */ = {
			isa = XCBuildConfiguration;
			buildSettings = {
				ALWAYS_SEARCH_USER_PATHS = NO;
				CLANG_ANALYZER_NONNULL = YES;
				CLANG_ANALYZER_NUMBER_OBJECT_CONVERSION = YES_AGGRESSIVE;
				CLANG_CXX_LANGUAGE_STANDARD = "gnu++20";
				CLANG_ENABLE_MODULES = YES;
				CLANG_ENABLE_OBJC_ARC = YES;
				CLANG_ENABLE_OBJC_WEAK = YES;
				CLANG_WARN_BLOCK_CAPTURE_AUTORELEASING = YES;
				CLANG_WARN_BOOL_CONVERSION = YES;
				CLANG_WARN_COMMA = YES;
				CLANG_WARN_CONSTANT_CONVERSION = YES;
				CLANG_WARN_DEPRECATED_OBJC_IMPLEMENTATIONS = YES;
				CLANG_WARN_DIRECT_OBJC_ISA_USAGE = YES_ERROR;
				CLANG_WARN_DOCUMENTATION_COMMENTS = YES;
				CLANG_WARN_EMPTY_BODY = YES;
				CLANG_WARN_ENUM_CONVERSION = YES;
				CLANG_WARN_INFINITE_RECURSION = YES;
				CLANG_WARN_INT_CONVERSION = YES;
				CLANG_WARN_NON_LITERAL_NULL_CONVERSION = YES;
				CLANG_WARN_OBJC_IMPLICIT_RETAIN_SELF = YES;
				CLANG_WARN_OBJC_LITERAL_CONVERSION = YES;
				CLANG_WARN_OBJC_ROOT_CLASS = YES_ERROR;
				CLANG_WARN_QUOTED_INCLUDE_IN_FRAMEWORK_HEADER = YES;
				CLANG_WARN_RANGE_LOOP_ANALYSIS = YES;
				CLANG_WARN_STRICT_PROTOTYPES = YES;
				CLANG_WARN_SUSPICIOUS_MOVE = YES;
				CLANG_WARN_UNGUARDED_AVAILABILITY = YES_AGGRESSIVE;
				CLANG_WARN_UNREACHABLE_CODE = YES;
				CLANG_WARN__DUPLICATE_METHOD_MATCH = YES;
				COPY_PHASE_STRIP = NO;
				DEBUG_INFORMATION_FORMAT = "dwarf-with-dsym";
				ENABLE_NS_ASSERTIONS = NO;
				ENABLE_STRICT_OBJC_MSGSEND = YES;
				GCC_C_LANGUAGE_STANDARD = gnu11;
				GCC_NO_COMMON_BLOCKS = YES;
				GCC_WARN_64_TO_32_BIT_CONVERSION = YES;
				GCC_WARN_ABOUT_RETURN_TYPE = YES_ERROR;
				GCC_WARN_UNDECLARED_SELECTOR = YES;
				GCC_WARN_UNINITIALIZED_AUTOS = YES_AGGRESSIVE;
				GCC_WARN_UNUSED_FUNCTION = YES;
				GCC_WARN_UNUSED_VARIABLE = YES;
				IPHONEOS_DEPLOYMENT_TARGET = 16.2;
				MTL_ENABLE_DEBUG_INFO = NO;
				MTL_FAST_MATH = YES;
				SDKROOT = iphoneos;
				SWIFT_COMPILATION_MODE = wholemodule;
				SWIFT_OPTIMIZATION_LEVEL = "-O";
				VALIDATE_PRODUCT = YES;
			};
			name = Release;
		};
		982E67C729A8DF6D00274E2A /* Debug */ = {
			isa = XCBuildConfiguration;
			buildSettings = {
				ASSETCATALOG_COMPILER_APPICON_NAME = AppIcon;
				ASSETCATALOG_COMPILER_GLOBAL_ACCENT_COLOR_NAME = AccentColor;
				CODE_SIGN_STYLE = Automatic;
				CURRENT_PROJECT_VERSION = 1;
				DEVELOPMENT_TEAM = BN4G8TX2AC;
				GENERATE_INFOPLIST_FILE = YES;
				INFOPLIST_FILE = "Project 4/Info.plist";
				INFOPLIST_KEY_UIApplicationSupportsIndirectInputEvents = YES;
				INFOPLIST_KEY_UILaunchStoryboardName = LaunchScreen;
				INFOPLIST_KEY_UIMainStoryboardFile = Main;
				INFOPLIST_KEY_UISupportedInterfaceOrientations_iPad = "UIInterfaceOrientationPortrait UIInterfaceOrientationPortraitUpsideDown UIInterfaceOrientationLandscapeLeft UIInterfaceOrientationLandscapeRight";
				INFOPLIST_KEY_UISupportedInterfaceOrientations_iPhone = "UIInterfaceOrientationPortrait UIInterfaceOrientationLandscapeLeft UIInterfaceOrientationLandscapeRight";
				IPHONEOS_DEPLOYMENT_TARGET = 15.0;
				LD_RUNPATH_SEARCH_PATHS = (
					"$(inherited)",
					"@executable_path/Frameworks",
				);
				MARKETING_VERSION = 1.0;
				PRODUCT_BUNDLE_IDENTIFIER = "com.aleksandra.Project-4";
				PRODUCT_NAME = "$(TARGET_NAME)";
				SWIFT_EMIT_LOC_STRINGS = YES;
				SWIFT_VERSION = 5.0;
				TARGETED_DEVICE_FAMILY = "1,2";
			};
			name = Debug;
		};
		982E67C829A8DF6D00274E2A /* Release */ = {
			isa = XCBuildConfiguration;
			buildSettings = {
				ASSETCATALOG_COMPILER_APPICON_NAME = AppIcon;
				ASSETCATALOG_COMPILER_GLOBAL_ACCENT_COLOR_NAME = AccentColor;
				CODE_SIGN_STYLE = Automatic;
				CURRENT_PROJECT_VERSION = 1;
				DEVELOPMENT_TEAM = BN4G8TX2AC;
				GENERATE_INFOPLIST_FILE = YES;
				INFOPLIST_FILE = "Project 4/Info.plist";
				INFOPLIST_KEY_UIApplicationSupportsIndirectInputEvents = YES;
				INFOPLIST_KEY_UILaunchStoryboardName = LaunchScreen;
				INFOPLIST_KEY_UIMainStoryboardFile = Main;
				INFOPLIST_KEY_UISupportedInterfaceOrientations_iPad = "UIInterfaceOrientationPortrait UIInterfaceOrientationPortraitUpsideDown UIInterfaceOrientationLandscapeLeft UIInterfaceOrientationLandscapeRight";
				INFOPLIST_KEY_UISupportedInterfaceOrientations_iPhone = "UIInterfaceOrientationPortrait UIInterfaceOrientationLandscapeLeft UIInterfaceOrientationLandscapeRight";
				IPHONEOS_DEPLOYMENT_TARGET = 15.0;
				LD_RUNPATH_SEARCH_PATHS = (
					"$(inherited)",
					"@executable_path/Frameworks",
				);
				MARKETING_VERSION = 1.0;
				PRODUCT_BUNDLE_IDENTIFIER = "com.aleksandra.Project-4";
				PRODUCT_NAME = "$(TARGET_NAME)";
				SWIFT_EMIT_LOC_STRINGS = YES;
				SWIFT_VERSION = 5.0;
				TARGETED_DEVICE_FAMILY = "1,2";
			};
			name = Release;
		};
/* End XCBuildConfiguration section */

/* Begin XCConfigurationList section */
		982E67AD29A8DF6A00274E2A /* Build configuration list for PBXProject "Project 4" */ = {
			isa = XCConfigurationList;
			buildConfigurations = (
				982E67C429A8DF6D00274E2A /* Debug */,
				982E67C529A8DF6D00274E2A /* Release */,
			);
			defaultConfigurationIsVisible = 0;
			defaultConfigurationName = Release;
		};
		982E67C629A8DF6D00274E2A /* Build configuration list for PBXNativeTarget "Project 4" */ = {
			isa = XCConfigurationList;
			buildConfigurations = (
				982E67C729A8DF6D00274E2A /* Debug */,
				982E67C829A8DF6D00274E2A /* Release */,
			);
			defaultConfigurationIsVisible = 0;
			defaultConfigurationName = Release;
		};
/* End XCConfigurationList section */
	};
	rootObject = 982E67AA29A8DF6A00274E2A /* Project object */;
}
